{
  "lockfileVersion": 1,
  "configVersion": 1,
  "workspaces": {
    "": {
      "name": "besting",
      "devDependencies": {
        "@stacksjs/bunpress": "^0.2.13",
        "better-dx": "^0.2.25",
        "typescript": "^7.0.2",
      },
    },
    "packages/benchmarks": {
      "name": "@besting/benchmarks",
      "version": "0.0.9",
      "devDependencies": {
        "happy-dom": "^20.11.6",
        "jsdom": "^25.0.1",
        "mitata": "^1.0.34",
      },
    },
    "packages/besting": {
      "name": "besting",
      "version": "0.0.11",
      "bin": {
        "besting": "./dist/bin/cli.js",
      },
      "dependencies": {
        "very-happy-dom": "^0.1.10",
      },
      "devDependencies": {
        "@stacksjs/clapp": "^0.2.13",
        "bunfig": "^0.15.19",
      },
    },
  },
  "packages": {
    "@asamuzakjp/css-color": ["@asamuzakjp/css-color@3.2.0", "", { "dependencies": { "@csstools/css-calc": "^2.1.3", "@csstools/css-color-parser": "^3.0.9", "@csstools/css-parser-algorithms": "^3.0.4", "@csstools/css-tokenizer": "^3.0.3", "lru-cache": "^10.4.3" } }, "sha512-K1A6z8tS3XsmCMM86xoWdn7Fkdn9m6RSVtocUrJYIwZnFVkng/PvkEoWtOWmP+Scc6saYWHWZYbndEEXxl24jw=="],

    "@besting/benchmarks": ["@besting/benchmarks@workspace:packages/benchmarks"],

    "@csstools/color-helpers": ["@csstools/color-helpers@5.1.0", "", {}, "sha512-S11EXWJyy0Mz5SYvRmY8nJYTFFd1LCNV+7cXyAgQtOOuzb4EsgfqDufL+9esx72/eLhsRdGZwaldu/h+E4t4BA=="],

    "@csstools/css-calc": ["@csstools/css-calc@2.1.4", "", { "peerDependencies": { "@csstools/css-parser-algorithms": "^3.0.5", "@csstools/css-tokenizer": "^3.0.4" } }, "sha512-3N8oaj+0juUw/1H3YwmDDJXCgTB1gKU6Hc/bB502u9zR0q2vd786XJH9QfrKIEgFlZmhZiq6epXl4rHqhzsIgQ=="],

    "@csstools/css-color-parser": ["@csstools/css-color-parser@3.1.0", "", { "dependencies": { "@csstools/color-helpers": "^5.1.0", "@csstools/css-calc": "^2.1.4" }, "peerDependencies": { "@csstools/css-parser-algorithms": "^3.0.5", "@csstools/css-tokenizer": "^3.0.4" } }, "sha512-nbtKwh3a6xNVIp/VRuXV64yTKnb1IjTAEEh3irzS+HkKjAOYLTGNb9pmVNntZ8iVBHcWDA2Dof0QtPgFI1BaTA=="],

    "@csstools/css-parser-algorithms": ["@csstools/css-parser-algorithms@3.0.5", "", { "peerDependencies": { "@csstools/css-tokenizer": "^3.0.4" } }, "sha512-DaDeUkXZKjdGhgYaHNJTV9pV7Y9B3b644jCLs9Upc3VeNGg6LWARAT6O+Q+/COo+2gg/bM5rhpMAtf70WqfBdQ=="],

    "@csstools/css-tokenizer": ["@csstools/css-tokenizer@3.0.4", "", {}, "sha512-Vd/9EVDiu6PPJt9yAh6roZP6El1xHrdvIVGjyBsHR0RYwNHgL7FJPyIIW4fANJNG6FtyZfvlRPpFI4ZM/lubvw=="],

    "@cwcss/crosswind": ["@cwcss/crosswind@0.2.16", "", { "dependencies": { "@stacksjs/clapp": "^0.2.0", "bunfig": "^0.15.17" }, "bin": { "crosswind": "./dist/cli.js" } }, "sha512-QgSTpcnt1seUQF2++taD5wk/H1lE3wSaybd+i9iP/syQTB2w/v2aM2U9SzYYe2ZcHA3Uxa1Sn/YvhcmHeFfuCA=="],

    "@stacksjs/bumpx": ["@stacksjs/bumpx@0.2.17", "", { "dependencies": { "@stacksjs/clapp": "^0.2.0", "@stacksjs/logsmith": "^0.2.6", "bunfig": "^0.15.6" }, "bin": { "bumpx": "./dist/bin/cli.js" } }, "sha512-ZcjaBGDQErOOIiVbbg9EI1BbdCP/+kBbh55yHkDtcCYt9ifYHxhC/xE65f80e14/00yUr/56oPK+1g7am40GaQ=="],

    "@stacksjs/bunpress": ["@stacksjs/bunpress@0.2.13", "", { "dependencies": { "@cwcss/crosswind": "^0.2.16", "@stacksjs/clapp": "^0.2.0", "@stacksjs/stx": "^0.2.171", "@stacksjs/ts-i18n": "^0.1.11", "bunfig": "^0.15.17", "ts-syntax-highlighter": "^0.2.14" }, "peerDependencies": { "@stacksjs/ts-cloud": "^0.7.51" }, "optionalPeers": ["@stacksjs/ts-cloud"], "bin": { "bunpress": "./dist/bin/cli.js" } }, "sha512-UHrDQ1Vbe/MoGztM9Cx/FRSFy9+OknKVVisucq2C9gpB5htX8PtuOK0isfpxwbglo/soLkMWqV+M3FPapKpppQ=="],

    "@stacksjs/clapp": ["@stacksjs/clapp@0.2.13", "", {}, "sha512-wh6Ybgga1S/3P+GRDb2kBiOK97+Ay7TKTiaLKfhpgd+V04+BAHg23xDlZUNkpllhoRdFimeHpWahuwghoNYbUg=="],

    "@stacksjs/clarity": ["@stacksjs/clarity@0.3.33", "", { "dependencies": { "bunfig": "^0.15.6" }, "bin": { "clarity": "./dist/bin/cli.js" } }, "sha512-+5GLKnAI/M/z64UfNLLfQqx/kp+frmRY+NZXYwwGwbrkud/xlsEGDWEExdhqOhqEDMWdb1oafw/ubGAPg1PaFw=="],

    "@stacksjs/desktop": ["@stacksjs/desktop@0.2.198", "", { "dependencies": { "craft-native": ">=0.0.55" } }, "sha512-P+iUxNgNc2DvlrnwCpy1lo6jnmUSfHSQj1nl9S5enb8glknDtd13mpOyelO5u8VxPVgGyQ9xPFDlI44fzHc10w=="],

    "@stacksjs/dtsx": ["@stacksjs/dtsx@0.11.9", "", { "dependencies": { "@stacksjs/clapp": "^0.2.0" }, "bin": { "dtsx": "./dist/bin/cli.js" } }, "sha512-m0wRt0JKnC/42V1Ug1I+ij63JFJnvXgvcDOEcUBNWZ1TtyTcWhEwYPUlyuCgTPss7e1hsPl1jWsSrr+ie/CZag=="],

    "@stacksjs/gitlint": ["@stacksjs/gitlint@0.1.8", "", { "bin": { "gitlint": "./dist/bin/cli.js" } }, "sha512-lv+Ttwwif0UR0qgRGih8/ePslcrcDLjYybmDOQE7kM2IXoaRZUFh2LhZWHbaICd3ejdGb7MNvY2emiJE7Cs+Wg=="],

    "@stacksjs/logsmith": ["@stacksjs/logsmith@0.2.11", "", { "dependencies": { "@stacksjs/clapp": "^0.2.0", "bunfig": "^0.15.6", "pickier": "^0.1.9" }, "bin": { "@stacksjs/logsmith": "./dist/bin/cli.js", "logsmith": "./dist/bin/cli.js" } }, "sha512-wqqAxewpsHVDzpC+IRy+yYyGXGlv1j5GCqYTh8fL7d3LLhnRPN72PEQywM357burtORvdkFHfOzk3Ih1SMvuiw=="],

    "@stacksjs/sanitizer": ["@stacksjs/sanitizer@0.2.198", "", {}, "sha512-krEzqYC3ul9hhkfCu23/Sw4ssYbIKoUwI+a5r5Z0u4jvskJxk75jrveqnyvz5Lx74x2AXlm+PwROXwHU3BR1YA=="],

    "@stacksjs/stx": ["@stacksjs/stx@0.2.198", "", { "dependencies": { "@cwcss/crosswind": "^0.2.14", "@stacksjs/clapp": "^0.2.0", "@stacksjs/desktop": "0.2.198", "@stacksjs/sanitizer": "0.2.198", "@stacksjs/ts-i18n": "^0.1.11", "bun-plugin-stx": "0.2.198", "bunfig": "^0.15.17", "stx-router": "0.2.198", "ts-broadcasting": "^0.0.9", "ts-images": "^0.2.11", "ts-syntax-highlighter": "^0.2.1" }, "bin": { "stx": "./dist/cli.js" } }, "sha512-aaj33HEsriTE8rTsnlywnz+VEU3z2MbxwSjZO6K0y/57XaFbT7Y3oI70n83vYlRoufUfjYploD3zDSptAmxn8A=="],

    "@stacksjs/ts-avif": ["@stacksjs/ts-avif@0.1.0", "", {}, "sha512-ytcta6ZhZeZwXJTcWlTraNLBsqL4imOfruSkJ2PwEp5RjHb4eSoqb21W4u7HLILRcILr7B1nOkIMeQct4Pozbw=="],

    "@stacksjs/ts-bmp": ["@stacksjs/ts-bmp@0.1.0", "", {}, "sha512-O02r5q35OaoLRkTLOcFCylQzY3Oeji6QebdzLBfuWt77MoS/gY/4igY53N++pUjA4uS34cHHd/P651LlCKoBeA=="],

    "@stacksjs/ts-css": ["@stacksjs/ts-css@0.1.0", "", { "dependencies": { "bunfig": "^0.15.6" }, "bin": { "ts-css": "./dist/bin/cli.js" } }, "sha512-373WvzZeXdqwi6lRwyfr05r3KOtbo4QXWPhmoGFI6NSa5ZcUEiyYJGL2KsV9mfQNTsBp+0q3wPnj1EQ/1zuieg=="],

    "@stacksjs/ts-i18n": ["@stacksjs/ts-i18n@0.1.11", "", { "dependencies": { "@stacksjs/clapp": "^0.2.9", "bunfig": "^0.15.6" }, "bin": { "i18n": "./dist/cli.js" } }, "sha512-33FM0gKdxBy6EUsUZLGAMe0D7QUZ4f/BQXRsQIyzkZgs2+juruUTevPuJGCjWSZsgJuiaBfEJn8Oq8ctuo1OWQ=="],

    "@stacksjs/ts-png": ["@stacksjs/ts-png@0.1.2", "", {}, "sha512-NT9AVCAlZiOMzcBH+OlAAUAbfTzakm/6Ibp5S31JInrpTDd+Qe3arEfatPLuMasFR9tyO+NMAFsF84MT6TK1vA=="],

    "@stacksjs/ts-spell-check": ["@stacksjs/ts-spell-check@0.1.0", "", {}, "sha512-GnrxhHh606U6e0uPoUfbyh3sWI2VCtj6IwtSS4ik8Jz7vF11WFZ4qeCnXlUSZXLLlk0ukcdpilZr4girmx7PbA=="],

    "@stacksjs/ts-svg": ["@stacksjs/ts-svg@0.1.1", "", { "dependencies": { "@stacksjs/ts-css": "^0.1.0", "@stacksjs/ts-png": "^0.1.2" }, "bin": { "svg": "dist/cli.js" } }, "sha512-jG/DC3JaWEvblsrl3X1mVFPZY+1+DEtt9ypWXuXHyWyud+CaD/MQdGRypJbRyLrT03HWx/x6TG9UOzh7GDaing=="],

    "@stacksjs/ts-webp": ["@stacksjs/ts-webp@0.1.3", "", {}, "sha512-0PFmmBLKCxIc+8pNEwfvoXfS5uH47y7rXpVaGEfj6VQGPoQCAWUmheppCeJ66YCdSVR1dezR/4MGTZCnT+uZow=="],

    "@types/bun": ["@types/bun@1.3.14", "", { "dependencies": { "bun-types": "1.3.14" } }, "sha512-h1hFqFVcvAvD9j9K7ZW7vd82aSA+rTdznZa+5bwvCwqSB1jmmfLcbIWhOLx1/+boy/xmjgCs/OMUL8hRJSmnPw=="],

    "@types/node": ["@types/node@26.1.1", "", { "dependencies": { "undici-types": "~8.3.0" } }, "sha512-nxAkRSVkN1Y0JC1W8ky/fTfkGsMmcrRsbx+3XoZE+rMOX71kLYTV7fLXpqud1GpbpP5TuffXFqfX7fH2GgZREw=="],

    "@types/whatwg-mimetype": ["@types/whatwg-mimetype@3.0.2", "", {}, "sha512-c2AKvDT8ToxLIOUlN51gTiHXflsfIFisS4pO7pDPoKouJCESkhZnEy623gwP9laCy5lnLDAw1vAzu2vM2YLOrA=="],

    "@types/ws": ["@types/ws@8.18.1", "", { "dependencies": { "@types/node": "*" } }, "sha512-ThVF6DCVhA8kUGy+aazFQ4kXQ7E1Ty7A3ypFOe0IcJV8O/M511G99AW24irKrW56Wt44yG9+ij8FaqoBGkuBXg=="],

    "@typescript/typescript-aix-ppc64": ["@typescript/typescript-aix-ppc64@7.0.2", "", { "os": "aix", "cpu": "ppc64" }, "sha512-MTKKkWB7p/0E9xi1d1tHtZ5PiLkGEMIq88pK2CubZjOsLtYTLqhgIgi6zepFa+9GHZ6h05NMCkQxGKiPXMxXtQ=="],

    "@typescript/typescript-darwin-arm64": ["@typescript/typescript-darwin-arm64@7.0.2", "", { "os": "darwin", "cpu": "arm64" }, "sha512-gowzar9MwS/aRWp6f3a4KUqzRjAZjOsmGNCM6LcTgXum+dBfgsBVMN+AgvOCCbguXyick6LJhpBszxMebJ8syA=="],

    "@typescript/typescript-darwin-x64": ["@typescript/typescript-darwin-x64@7.0.2", "", { "os": "darwin", "cpu": "x64" }, "sha512-SZ9xZInqApNlNGc9s0W1VSsktYSOe9cFqNOIqmN1Gs8SmkjKZYFt017G4VwPxASInODuAdbTW7sXiFUf893RgA=="],

    "@typescript/typescript-freebsd-arm64": ["@typescript/typescript-freebsd-arm64@7.0.2", "", { "os": "freebsd", "cpu": "arm64" }, "sha512-W5NH4y/J0plIIS5b2xvTEkU7JFxyqdMAOgf+Ilhl0vHQXKO5dZoxd+C/jEtq56c4F3wk71RB4BMRQ2XdI+bwYQ=="],

    "@typescript/typescript-freebsd-x64": ["@typescript/typescript-freebsd-x64@7.0.2", "", { "os": "freebsd", "cpu": "x64" }, "sha512-UMGDx5sTpzNw3WiPebH7l90IWfJggEd+egHt/q6p7/Cm3zqoV7VxkGXt+3DxPIw8CcmvAB0j3sVVfbhX+M4Tpw=="],

    "@typescript/typescript-linux-arm": ["@typescript/typescript-linux-arm@7.0.2", "", { "os": "linux", "cpu": "arm" }, "sha512-gffT3xPz9sR7j/YJExkyPntrI0P2EP9XbOyWzth2/Gs0RstK+90RBcO0ncXoXy/beYll1SXw846Nf2zdnEz0QQ=="],

    "@typescript/typescript-linux-arm64": ["@typescript/typescript-linux-arm64@7.0.2", "", { "os": "linux", "cpu": "arm64" }, "sha512-Qh4eU4/y3yDjnfjjyPYihMj5/ODIlmt+Bzu17OI+fiSRDW57QmU5SiN63exPRNJPKUzcc1INa1NXdrJ+MqHjUQ=="],

    "@typescript/typescript-linux-loong64": ["@typescript/typescript-linux-loong64@7.0.2", "", { "os": "linux", "cpu": "none" }, "sha512-uEHck9i8hoAzXPiYRib1O7miOnz23SxIeVl6F4LXox+qov1K35jHcEW6VHKvZI+pyvl7fZEP4MCU5LYvIq1GuQ=="],

    "@typescript/typescript-linux-mips64el": ["@typescript/typescript-linux-mips64el@7.0.2", "", { "os": "linux", "cpu": "none" }, "sha512-R4KvAMnE43W5Qeqb0Ly56O3mWMWIAgsMyz36DCaycd5nbg/9kzm0liw3JocfRqyJY0KPmzFjbswozXyW0DnIYA=="],

    "@typescript/typescript-linux-ppc64": ["@typescript/typescript-linux-ppc64@7.0.2", "", { "os": "linux", "cpu": "ppc64" }, "sha512-DORx5b3sd/4S7eayxm4FQv+A7CrkUIGRaHiwI8oiHTAI1fAPWhF4J0vAlkC8biAlHSVVwxMQ3tjZ2/DVbnQiiA=="],

    "@typescript/typescript-linux-riscv64": ["@typescript/typescript-linux-riscv64@7.0.2", "", { "os": "linux", "cpu": "none" }, "sha512-wf0jqEDOjrPRnKwYRyyJDRo11KMbvMFrU+q4zqKyChODBzvlkbhNQfKvLxQCcwTpdDaXSHZTVuh0JoCrKCUMHQ=="],

    "@typescript/typescript-linux-s390x": ["@typescript/typescript-linux-s390x@7.0.2", "", { "os": "linux", "cpu": "s390x" }, "sha512-IkwJc3L7yhytWd/ewjyxNDfOmswCm9GWMJT/ue/dU4aZNbwZeYAetq42VyLmsmSjvoX7z74X6ZaYCtzAr0EuGw=="],

    "@typescript/typescript-linux-x64": ["@typescript/typescript-linux-x64@7.0.2", "", { "os": "linux", "cpu": "x64" }, "sha512-EYdf2cNg7rgCWJnxCdJ+F3V39O8ihb37eHAu1LK8oAFizgTQbPOK7zHHXbPt8rX24COqODXeI3sIf0fCXG7H/A=="],

    "@typescript/typescript-netbsd-arm64": ["@typescript/typescript-netbsd-arm64@7.0.2", "", { "os": "none", "cpu": "arm64" }, "sha512-+polYF4MF04aPpO5FTkHran9yUQDSXqy5GiSDKpsll5jy3l3+g9QLhpf39T+ePtefhXLOGrLl0QIjkQP6VnelA=="],

    "@typescript/typescript-netbsd-x64": ["@typescript/typescript-netbsd-x64@7.0.2", "", { "os": "none", "cpu": "x64" }, "sha512-8YIT0EHM/3dq10ZOVF/A7pc/YSMtbcecct4rWtexrnSCHOPcpC2KTLXfTCR6vDpnSiY12heNb1GiN/wu+T/FyA=="],

    "@typescript/typescript-openbsd-arm64": ["@typescript/typescript-openbsd-arm64@7.0.2", "", { "os": "openbsd", "cpu": "arm64" }, "sha512-APT8+ClYnuYm1u9+kgGXoMj2VzWzcymwh2gNSQVySHfkRDGOTVkoWLjCmOQSaO+PoqQ57B0flRp9SA+7GnnkzQ=="],

    "@typescript/typescript-openbsd-x64": ["@typescript/typescript-openbsd-x64@7.0.2", "", { "os": "openbsd", "cpu": "x64" }, "sha512-yX7s+Q0Dln0Dt9tEzZsAjXXR/+ytBM7AlglaqyeMPxQszJ1JhlJdZ6jLA+IzldHtflX81em7lDao1xXu+aRRkg=="],

    "@typescript/typescript-sunos-x64": ["@typescript/typescript-sunos-x64@7.0.2", "", { "os": "sunos", "cpu": "x64" }, "sha512-dLJDGaLZ1D4HPQn62u1n8mBDkJREwMsAkCdkwd4Ieqw+x3TUyTsqY0YiBCtE6H6OzzgGk3iuZ3vFWRS+E8/d1g=="],

    "@typescript/typescript-win32-arm64": ["@typescript/typescript-win32-arm64@7.0.2", "", { "os": "win32", "cpu": "arm64" }, "sha512-Gyl1Vy6OsWesLzmq+EP0Fb7b4Nid5232AvcA2SFcdYreldpNtYFFofPjnt62y9hQy7VTaZp65ICJjuAQRaVcIQ=="],

    "@typescript/typescript-win32-x64": ["@typescript/typescript-win32-x64@7.0.2", "", { "os": "win32", "cpu": "x64" }, "sha512-0BQ3HkAHHlKLSp1qRvf3SUhGpGsDuhB/jgFw75guyqbxJqEaS0Cw/VFO8i2nHglJUzQCRtMMR/IBAKE3ETMC4g=="],

    "agent-base": ["agent-base@7.1.4", "", {}, "sha512-MnA+YT8fwfJPgBx3m60MNqakm30XOkyIoH1y6huTQvC0PwZG7ki8NacLBcrPbNoo8vEZy7Jpuk7+jMO+CUovTQ=="],

    "asynckit": ["asynckit@0.4.0", "", {}, "sha512-Oei9OH4tRh0YqU3GxhX79dM/mwVgvbZJaSNaRk+bshkj0S5cfHcgYakreBjrHwatXKbz+IoIdYLxrKim2MjW0Q=="],

    "besting": ["besting@workspace:packages/besting"],

    "better-dx": ["better-dx@0.2.25", "", { "dependencies": { "@stacksjs/bumpx": "^0.2.14", "@stacksjs/bunpress": "^0.2.8", "@stacksjs/clapp": "^0.2.12", "@stacksjs/clarity": "^0.3.31", "@stacksjs/gitlint": "^0.1.7", "@stacksjs/logsmith": "^0.2.6", "@types/bun": "^1.3.14", "buddy-bot": "^0.10.5", "bun-git-hooks": "^0.3.2", "bun-plugin-dtsx": "^0.11.1", "bunfig": "^0.15.15", "pickier": "^0.1.40", "ts-error-handling": "^0.1.3", "typescript": "^7.0.2" } }, "sha512-7GQ3EDXDwdZbpzwqWrOC2kzKkfw2Ptd30Bl1VlLS1SV82MvU5VIYXtGsRcJ5+6M17n9hQwGuT2TGEZEaWgZQaw=="],

    "buddy-bot": ["buddy-bot@0.10.5", "", { "dependencies": { "prompts": "^2.4.2", "ts-pantry": "^0.11.32" }, "peerDependencies": { "@anthropic-ai/sdk": "^0.117.1" }, "optionalPeers": ["@anthropic-ai/sdk"], "bin": { "buddy-bot": "./dist/bin/cli.js" } }, "sha512-pGyjHSi91Nix76u1VIVLEYEV6vkTVKvKS9NvRYbyGR6X6CdZQrvHcmJLfGqjN/4xuUWc4h6rlVpkiwG6MOo/6Q=="],

    "buffer-image-size": ["buffer-image-size@0.6.4", "", { "dependencies": { "@types/node": "*" } }, "sha512-nEh+kZOPY1w+gcCMobZ6ETUp9WfibndnosbpwB1iJk/8Gt5ZF2bhS6+B6bPYz424KtwsR6Rflc3tCz1/ghX2dQ=="],

    "bun-git-hooks": ["bun-git-hooks@0.3.2", "", { "bin": { "git-hooks": "./dist/bin/cli.js", "bun-git-hooks": "./dist/bin/cli.js" } }, "sha512-cHkmB7sxmtPNekzG0nGXqbN8Q+dZf4muvV4eCB8dBCduW1DHR+4YulKinPUk/C6Rogy+JMyL1ysVVVWwZobwZw=="],

    "bun-plugin-dtsx": ["bun-plugin-dtsx@0.11.9", "", { "dependencies": { "@stacksjs/dtsx": "0.11.9" } }, "sha512-D9klAkByxDCzaNhOdLodPmpntVSZasuUds2NFqacHCe52kqHSoXg9rWb1ayuasbhjg+GRioGX75mRdNdODTqzQ=="],

    "bun-plugin-stx": ["bun-plugin-stx@0.2.198", "", { "dependencies": { "@stacksjs/stx": "^0.2.72", "stx-router": "^0.2.72" }, "bin": { "serve": "./dist/serve.js", "stx-serve": "./dist/serve.js" } }, "sha512-NiCfmceacqrAvM8mb5iutA0v94IUOhreyyTl4T7PEmPG2fvsT3QYerR2gqy7SU8Pja4+UfKvMEhHt9Unlhyl3w=="],

    "bun-types": ["bun-types@1.3.14", "", { "dependencies": { "@types/node": "*" } }, "sha512-4N0ig0fEomHt5R0KCFWjovxow98rIoRwKolrYdCcknNwMekCXRnWEUvgu5soYV8QXtVsrUD8B95MBOZGPvr6KQ=="],

    "bunfig": ["bunfig@0.15.19", "", { "dependencies": { "@stacksjs/clarity": "^0.3.24" }, "bin": { "bunfig": "./dist/cli.js" } }, "sha512-Ig302A74YUmagywXX1Dl8hXNdwjq/MIlB1TBVRduO6kGTMjkFQsxS3LimTFBNEThWypc/JS6cv4+TLeRAl2RGw=="],

    "call-bind-apply-helpers": ["call-bind-apply-helpers@1.0.2", "", { "dependencies": { "es-errors": "^1.3.0", "function-bind": "^1.1.2" } }, "sha512-Sp1ablJ0ivDkSzjcaJdxEunN5/XvksFJ2sMBFfq6x0ryhQV/2b/KwFe21cMpmHtPOSij8K99/wSfoEuTObmuMQ=="],

    "combined-stream": ["combined-stream@1.0.8", "", { "dependencies": { "delayed-stream": "~1.0.0" } }, "sha512-FQN4MRfuJeHf7cBbBMJFXhKSDq+2kAArBlmRBvcvFE5BB1HZKXtSFASDhdlz9zOYwxh8lDdnvmMOe/+5cdoEdg=="],

    "craft-native": ["craft-native@0.0.55", "", { "bin": { "craft-sdk": "dist/cli.js" } }, "sha512-qFekhPhVKRqsMJLaX9zTDQCq03ciVYvARoiBJYtFfFiQuf/uwBWEfhlez5pjKLnX4PVuQhsZM2PwG+NLdoxvbQ=="],

    "cssstyle": ["cssstyle@4.6.0", "", { "dependencies": { "@asamuzakjp/css-color": "^3.2.0", "rrweb-cssom": "^0.8.0" } }, "sha512-2z+rWdzbbSZv6/rhtvzvqeZQHrBaqgogqt85sqFNbabZOuFbCVFb8kPeEtZjiKkbrm395irpNKiYeFeLiQnFPg=="],

    "data-uri-to-buffer": ["data-uri-to-buffer@6.0.2", "", {}, "sha512-7hvf7/GW8e86rW0ptuwS3OcBGDjIi6SZva7hCyWC0yYry2cOPmLIjXAUHI6DK2HsnwJd9ifmt57i8eV2n4YNpw=="],

    "data-urls": ["data-urls@5.0.0", "", { "dependencies": { "whatwg-mimetype": "^4.0.0", "whatwg-url": "^14.0.0" } }, "sha512-ZYP5VBHshaDAiVZxjbRVcFJpc+4xGgT0bK3vzy1HLN8jTO975HEbuYzZJcHoQEY5K1a0z8YayJkyVETa08eNTg=="],

    "debug": ["debug@4.4.3", "", { "dependencies": { "ms": "^2.1.3" } }, "sha512-RGwwWnwQvkVfavKVt22FGLw+xYSdzARwm0ru6DhTVA3umU5hZc28V3kO4stgYryrTlLpuvgI9GiijltAjNbcqA=="],

    "decimal.js": ["decimal.js@10.6.0", "", {}, "sha512-YpgQiITW3JXGntzdUmyUR1V812Hn8T1YVXhCu+wO3OpS4eU9l4YdD3qjyiKdV6mvV29zapkMeD390UVEf2lkUg=="],

    "delayed-stream": ["delayed-stream@1.0.0", "", {}, "sha512-ZySD7Nf91aLB0RxL4KGrKHBXl7Eds1DAmEdcoVawXnLD7SDhpNgtuII2aAkg7a7QS41jxPSZ17p4VdGnMHk3MQ=="],

    "dunder-proto": ["dunder-proto@1.0.1", "", { "dependencies": { "call-bind-apply-helpers": "^1.0.1", "es-errors": "^1.3.0", "gopd": "^1.2.0" } }, "sha512-KIN/nDJBQRcXw0MLVhZE9iQHmG68qAVIBg9CqmUYjmQIhgij9U5MFvrqkUL5FbtyyzZuOeOt0zdeRe4UY7ct+A=="],

    "entities": ["entities@7.0.1", "", {}, "sha512-TWrgLOFUQTH994YUyl1yT4uyavY5nNB5muff+RtWaqNVCAK408b5ZnnbNAUEWLTCpum9w6arT70i1XdQ4UeOPA=="],

    "es-define-property": ["es-define-property@1.0.1", "", {}, "sha512-e3nRfgfUZ4rNGL232gUgX06QNyyez04KdjFrF+LTRoOXmrOgFKDg4BCdsjW8EnT69eqdYGmRpJwiPVYNrCaW3g=="],

    "es-errors": ["es-errors@1.3.0", "", {}, "sha512-Zf5H2Kxt2xjTvbJvP2ZWLEICxA6j+hAmMzIlypy4xcBg1vKVnx89Wy0GbS+kf5cwCVFFzdCFh2XSCFNULS6csw=="],

    "es-object-atoms": ["es-object-atoms@1.1.2", "", { "dependencies": { "es-errors": "^1.3.0" } }, "sha512-HWcBoN6NileqtSydK2FqHbS/LoDd2pqrnQHLyJzBj4kOp/ky2MWMN694xOfkK8/SnUsW2DH7EfyVlydKCsm1Zw=="],

    "es-set-tostringtag": ["es-set-tostringtag@2.1.0", "", { "dependencies": { "es-errors": "^1.3.0", "get-intrinsic": "^1.2.6", "has-tostringtag": "^1.0.2", "hasown": "^2.0.2" } }, "sha512-j6vWzfrGVfyXxge+O0x5sh6cvxAog0a/4Rdd2K36zCMV5eJ+/+tOAngRO8cODMNWbVRdVlmGZQL2YS3yR8bIUA=="],

    "form-data": ["form-data@4.0.6", "", { "dependencies": { "asynckit": "^0.4.0", "combined-stream": "^1.0.8", "es-set-tostringtag": "^2.1.0", "hasown": "^2.0.4", "mime-types": "^2.1.35" } }, "sha512-vKatAh4SlVfgbv+YtmhiRjhEMJsYpsG1Y2rMQtR+SVSbytsSD1YGzDIcrAJmdFec88u/+VoGmxnl+80gL1tRCQ=="],

    "function-bind": ["function-bind@1.1.2", "", {}, "sha512-7XHNxH7qX9xG5mIwxkhumTox/MIRNcOgDrxWsMt2pAr23WHp6MrRlN7FBSFpCpr+oVO0F744iUgR82nJMfG2SA=="],

    "get-intrinsic": ["get-intrinsic@1.3.0", "", { "dependencies": { "call-bind-apply-helpers": "^1.0.2", "es-define-property": "^1.0.1", "es-errors": "^1.3.0", "es-object-atoms": "^1.1.1", "function-bind": "^1.1.2", "get-proto": "^1.0.1", "gopd": "^1.2.0", "has-symbols": "^1.1.0", "hasown": "^2.0.2", "math-intrinsics": "^1.1.0" } }, "sha512-9fSjSaos/fRIVIp+xSJlE6lfwhES7LNtKaCBIamHsjr2na1BiABJPo0mOjjz8GJDURarmCPGqaiVg5mfjb98CQ=="],

    "get-proto": ["get-proto@1.0.1", "", { "dependencies": { "dunder-proto": "^1.0.1", "es-object-atoms": "^1.0.0" } }, "sha512-sTSfBjoXBp89JvIKIefqw7U2CCebsc74kiY6awiGogKtoSGbgjYE/G/+l9sF3MWFPNc9IcoOC4ODfKHfxFmp0g=="],

    "gopd": ["gopd@1.2.0", "", {}, "sha512-ZUKRh6/kUFoAiTAtTYPZJ3hw9wNxx+BIBOijnlG9PnrJsCcSjs1wyyD6vJpaYtgnzDrKYRSqf3OO6Rfa93xsRg=="],

    "happy-dom": ["happy-dom@20.11.6", "", { "dependencies": { "@types/node": ">=20.0.0", "@types/whatwg-mimetype": "^3.0.2", "@types/ws": "^8.18.1", "buffer-image-size": "^0.6.4", "entities": "^7.0.1", "whatwg-mimetype": "^3.0.0", "ws": "^8.21.0" } }, "sha512-Hldbg8AdAa5a5oDcZpjqnGitp7JB0hqWmfv/8qr+kft4vzSD8BHsbdRfzYvL/0QcbKcURC/yyoygbeDQarPvYg=="],

    "has-symbols": ["has-symbols@1.1.0", "", {}, "sha512-1cDNdwJ2Jaohmb3sg4OmKaMBwuC48sYni5HUw2DvsC8LjGTLK9h+eb1X6RyuOHe4hT0ULCW68iomhjUoKUqlPQ=="],

    "has-tostringtag": ["has-tostringtag@1.0.2", "", { "dependencies": { "has-symbols": "^1.0.3" } }, "sha512-NqADB8VjPFLM2V0VvHUewwwsw0ZWBaIdgo+ieHtK3hasLz4qeCRjYcqfB6AQrBggRKppKF8L52/VqdVsO47Dlw=="],

    "hasown": ["hasown@2.0.4", "", { "dependencies": { "function-bind": "^1.1.2" } }, "sha512-T2UbfbBEF32wiepXIsMlTW9+dDYC6wMh/t/vYA4tuOMKqWz/n3vr1NFSxQiyP+zk2mXsoMA/i/7qV6LKut1t1A=="],

    "html-encoding-sniffer": ["html-encoding-sniffer@4.0.0", "", { "dependencies": { "whatwg-encoding": "^3.1.1" } }, "sha512-Y22oTqIU4uuPgEemfz7NDJz6OeKf12Lsu+QC+s3BVpda64lTiMYCyGwg5ki4vFxkMwQdeZDl2adZoqUgdFuTgQ=="],

    "http-proxy-agent": ["http-proxy-agent@7.0.2", "", { "dependencies": { "agent-base": "^7.1.0", "debug": "^4.3.4" } }, "sha512-T1gkAiYYDWYx3V5Bmyu7HcfcvL7mUrTWiM6yOfa3PIphViJ/gFPbvidQ+veqSOHci/PxBcDabeUNCzpOODJZig=="],

    "https-proxy-agent": ["https-proxy-agent@7.0.6", "", { "dependencies": { "agent-base": "^7.1.2", "debug": "4" } }, "sha512-vK9P5/iUfdl95AI+JVyUuIcVtd4ofvtrOr3HNtM2yxC9bnMbEdp3x01OhQNnjb8IJYi38VlTE3mBXwcfvywuSw=="],

    "iconv-lite": ["iconv-lite@0.6.3", "", { "dependencies": { "safer-buffer": ">= 2.1.2 < 3.0.0" } }, "sha512-4fCk79wshMdzMp2rH06qWrJE4iolqLhCUH+OiuIgU++RB0+94NlDL81atO7GX55uUKueo0txHNtvEyI6D7WdMw=="],

    "is-potential-custom-element-name": ["is-potential-custom-element-name@1.0.1", "", {}, "sha512-bCYeRA2rVibKZd+s2625gGnGF/t7DSqDs4dP7CrLA1m7jKWz6pps0LpYLJN8Q64HtmPKJ1hrN3nzPNKFEKOUiQ=="],

    "jsdom": ["jsdom@25.0.1", "", { "dependencies": { "cssstyle": "^4.1.0", "data-urls": "^5.0.0", "decimal.js": "^10.4.3", "form-data": "^4.0.0", "html-encoding-sniffer": "^4.0.0", "http-proxy-agent": "^7.0.2", "https-proxy-agent": "^7.0.5", "is-potential-custom-element-name": "^1.0.1", "nwsapi": "^2.2.12", "parse5": "^7.1.2", "rrweb-cssom": "^0.7.1", "saxes": "^6.0.0", "symbol-tree": "^3.2.4", "tough-cookie": "^5.0.0", "w3c-xmlserializer": "^5.0.0", "webidl-conversions": "^7.0.0", "whatwg-encoding": "^3.1.1", "whatwg-mimetype": "^4.0.0", "whatwg-url": "^14.0.0", "ws": "^8.18.0", "xml-name-validator": "^5.0.0" }, "peerDependencies": { "canvas": "^2.11.2" }, "optionalPeers": ["canvas"] }, "sha512-8i7LzZj7BF8uplX+ZyOlIz86V6TAsSs+np6m1kpW9u0JWi4z/1t+FzcK1aek+ybTnAC4KhBL4uXCNT0wcUIeCw=="],

    "kleur": ["kleur@3.0.3", "", {}, "sha512-eTIzlVOSUR+JxdDFepEYcBMtZ9Qqdef+rnzWdRZuMbOywu5tO2w2N7rqjoANZ5k9vywhL6Br1VRjUIgTQx4E8w=="],

    "lru-cache": ["lru-cache@10.4.3", "", {}, "sha512-JNAzZcXrCt42VGLuYz0zfAzDfAvJWW6AfYlDBQyDV5DClI2m5sAmK+OIO7s59XfsRsWHp02jAJrRadPRGTt6SQ=="],

    "math-intrinsics": ["math-intrinsics@1.1.0", "", {}, "sha512-/IXtbwEk5HTPyEwyKX6hGkYXxM9nbj64B+ilVJnC/R6B0pH5G4V3b0pVbL7DBj4tkhBAppbQUlf6F6Xl9LHu1g=="],

    "mime-db": ["mime-db@1.52.0", "", {}, "sha512-sPU4uV7dYlvtWJxwwxHD0PuihVNiE7TyAbQ5SWxDCB9mUYvOgroQOwYQQOKPJ8CIbE+1ETVlOoK1UC2nU3gYvg=="],

    "mime-types": ["mime-types@2.1.35", "", { "dependencies": { "mime-db": "1.52.0" } }, "sha512-ZDY+bPm5zTTF+YpCrAU9nK0UgICYPT0QtT1NZWFv4s++TNkcgVaT0g6+4R2uI4MjQjzysHB1zxuWL50hzaeXiw=="],

    "mitata": ["mitata@1.0.34", "", {}, "sha512-Mc3zrtNBKIMeHSCQ0XqRLo1vbdIx1wvFV9c8NJAiyho6AjNfMY8bVhbS12bwciUdd1t4rj8099CH3N3NFahaUA=="],

    "ms": ["ms@2.1.3", "", {}, "sha512-6FlzubTLZG3J2a/NVCAleEhjzq5oxgHyaCU9yYXvcLsvoVaHJq/s5xXI6/XXP6tz7R9xAOtHnSO/tXtF3WRTlA=="],

    "nwsapi": ["nwsapi@2.2.24", "", {}, "sha512-7YRhZ3jS45LwmSCT4b2sVFHt/WuovaktDU07QrtOBY2PXskss5a9jfmR9jptyumwXST+rFjrmppMY1KT/yn35A=="],

    "parse5": ["parse5@7.3.0", "", { "dependencies": { "entities": "^6.0.0" } }, "sha512-IInvU7fabl34qmi9gY8XOVxhYyMyuH2xUNpb2q8/Y+7552KlejkRvqvD19nMoUW/uQGGbqNpA6Tufu5FL5BZgw=="],

    "pickier": ["pickier@0.1.58", "", { "dependencies": { "@stacksjs/clapp": "^0.2.3", "@stacksjs/clarity": "^0.3.24" }, "optionalDependencies": { "@stacksjs/ts-spell-check": "^0.1.0" }, "bin": { "pickier": "./dist/bin/cli.js" } }, "sha512-75zO08WklAqrzVIf+oO8jr+gSk72CCY7CcWdvbUplV9eMu5MNqEpKQfxflGL92pN3yWaNU7YwuXeO9weu0WeDg=="],

    "prompts": ["prompts@2.4.2", "", { "dependencies": { "kleur": "^3.0.3", "sisteransi": "^1.0.5" } }, "sha512-NxNv/kLguCA7p3jE8oL2aEBsrJWgAakBpgmgK6lpPWV+WuOmY6r2/zbAVnP+T8bQlA0nzHXSJSJW0Hq7ylaD2Q=="],

    "punycode": ["punycode@2.3.1", "", {}, "sha512-vYt7UD1U9Wg6138shLtLOvdAu+8DsC/ilFtEVHcH+wydcSpNE20AfSOduf6MkRFahL5FY7X1oU7nKVZFtfq8Fg=="],

    "rrweb-cssom": ["rrweb-cssom@0.7.1", "", {}, "sha512-TrEMa7JGdVm0UThDJSx7ddw5nVm3UJS9o9CCIZ72B1vSyEZoziDqBYP3XIoi/12lKrJR8rE3jeFHMok2F/Mnsg=="],

    "safer-buffer": ["safer-buffer@2.1.2", "", {}, "sha512-YZo3K82SD7Riyi0E1EQPojLz7kpepnSQI9IyPbHHg1XXXevb5dJI7tpyN2ADxGcQbHG7vcyRHk0cbwqcQriUtg=="],

    "saxes": ["saxes@6.0.0", "", { "dependencies": { "xmlchars": "^2.2.0" } }, "sha512-xAg7SOnEhrm5zI3puOOKyy1OMcMlIJZYNJY7xLBwSze0UjhPLnWfj2GF2EpT0jmzaJKIWKHLsaSSajf35bcYnA=="],

    "sisteransi": ["sisteransi@1.0.5", "", {}, "sha512-bLGGlR1QxBcynn2d5YmDX4MGjlZvy2MRBDRNHLJ8VI6l6+9FUiyTFNJ0IveOSP0bcXgVDPRcfGqA0pjaqUpfVg=="],

    "stx-router": ["stx-router@0.2.198", "", {}, "sha512-6ww6L9cQT9fPOYp7Ro1ddECbDPUgaOC/XEEy44ZmJ4HEIRwyGu2FCBmjL6TCuq3BxVzoF8Lsttrcre6j1pDnWw=="],

    "symbol-tree": ["symbol-tree@3.2.4", "", {}, "sha512-9QNk5KwDF+Bvz+PyObkmSYjI5ksVUYtjW7AU22r2NKcfLJcXp96hkDWU3+XndOsUb+AQ9QhfzfCT2O+CNWT5Tw=="],

    "tldts": ["tldts@6.1.86", "", { "dependencies": { "tldts-core": "^6.1.86" }, "bin": { "tldts": "bin/cli.js" } }, "sha512-WMi/OQ2axVTf/ykqCQgXiIct+mSQDFdH2fkwhPwgEwvJ1kSzZRiinb0zF2Xb8u4+OqPChmyI6MEu4EezNJz+FQ=="],

    "tldts-core": ["tldts-core@6.1.86", "", {}, "sha512-Je6p7pkk+KMzMv2XXKmAE3McmolOQFdxkKw0R8EYNr7sELW46JqnNeTX8ybPiQgvg1ymCoF8LXs5fzFaZvJPTA=="],

    "tough-cookie": ["tough-cookie@5.1.2", "", { "dependencies": { "tldts": "^6.1.32" } }, "sha512-FVDYdxtnj0G6Qm/DhNPSb8Ju59ULcup3tuJxkFb5K8Bv2pUXILbf0xZWU8PX8Ov19OXljbUyveOFwRMwkXzO+A=="],

    "tr46": ["tr46@5.1.1", "", { "dependencies": { "punycode": "^2.3.1" } }, "sha512-hdF5ZgjTqgAntKkklYw0R03MG2x/bSzTtkxmIRw/sTNV8YXsCJ1tfLAX23lhxhHJlEf3CRCOCGGWw3vI3GaSPw=="],

    "ts-broadcasting": ["ts-broadcasting@0.0.9", "", { "bin": { "broadcast": "./dist/bin/cli.js" } }, "sha512-OA95bHPe3M/24Gx8FpbUV0+NzGwvemG2LP64s1p/zATagX8xJckeziru03ccjW0ExWaD+W5tC1GRIqS6lfbB4A=="],

    "ts-error-handling": ["ts-error-handling@0.1.3", "", {}, "sha512-Agm8wbQL1YVvnffVDSUKMgImZBoR4UVFjzPaIwPxa0z7YwsowKV8R57pCDIjLP/dTHRBetg7ZfdTeuNVb21OfA=="],

    "ts-gif": ["ts-gif@0.1.2", "", { "dependencies": { "data-uri-to-buffer": "^6.0.2" } }, "sha512-jbraplO1qqJtrtkFeepNPUGPad7w8FQHWIQFsn1OJbHeWKUbdqdkrX18XzNXI5Fw7+s6A3nbNTdj+Ukn4d3f8g=="],

    "ts-images": ["ts-images@0.2.12", "", { "dependencies": { "@stacksjs/ts-avif": "^0.1.0", "@stacksjs/ts-bmp": "^0.1.0", "@stacksjs/ts-png": "^0.1.2", "@stacksjs/ts-svg": "^0.1.1", "@stacksjs/ts-webp": "^0.1.2", "ts-gif": "^0.1.2", "ts-jpeg": "^0.3.1" }, "bin": { "imgx": "./dist/bin/cli.js" } }, "sha512-HdwJocQhIql9HI53Nl0pOLndYAkrlwxSxxUqU1WX/VITf0nrPNxQGzRH1dKy80hmqGQmSvPqX0O3UagNSSBQjw=="],

    "ts-jpeg": ["ts-jpeg@0.3.1", "", {}, "sha512-KIGTJj4UIlkGoCFEofx8jHHQEkJfSLFJY0MHz60Mu4Scjrcj7K/0UJGCbL9QvfIaFGAOGdf0xNFpYSuzUpimwA=="],

    "ts-pantry": ["ts-pantry@0.11.38", "", { "bin": { "ts-pantry": "./dist/bin/cli.js" } }, "sha512-luMKdrFQ4UeAdm/iyIx84K/mbyyKZ0uzcA4bG6IZRK71yOlwJTQlIPBumKOF6UX5FmcYxCbfRmll8YoLe5ASfw=="],

    "ts-syntax-highlighter": ["ts-syntax-highlighter@0.2.15", "", { "bin": { "ts-syntax-highlighter": "./dist/bin/cli.js" } }, "sha512-1Dx8AwkB43FWTVUKVicnE7kbF5klpf1nImGteRcDJBOPaLGcbYKKC9ZzgP0Yf8UMilUdHM7BPXmm+0Xn5pd88w=="],

    "typescript": ["typescript@7.0.2", "", { "optionalDependencies": { "@typescript/typescript-aix-ppc64": "7.0.2", "@typescript/typescript-darwin-arm64": "7.0.2", "@typescript/typescript-darwin-x64": "7.0.2", "@typescript/typescript-freebsd-arm64": "7.0.2", "@typescript/typescript-freebsd-x64": "7.0.2", "@typescript/typescript-linux-arm": "7.0.2", "@typescript/typescript-linux-arm64": "7.0.2", "@typescript/typescript-linux-loong64": "7.0.2", "@typescript/typescript-linux-mips64el": "7.0.2", "@typescript/typescript-linux-ppc64": "7.0.2", "@typescript/typescript-linux-riscv64": "7.0.2", "@typescript/typescript-linux-s390x": "7.0.2", "@typescript/typescript-linux-x64": "7.0.2", "@typescript/typescript-netbsd-arm64": "7.0.2", "@typescript/typescript-netbsd-x64": "7.0.2", "@typescript/typescript-openbsd-arm64": "7.0.2", "@typescript/typescript-openbsd-x64": "7.0.2", "@typescript/typescript-sunos-x64": "7.0.2", "@typescript/typescript-win32-arm64": "7.0.2", "@typescript/typescript-win32-x64": "7.0.2" }, "bin": { "tsc": "bin/tsc" } }, "sha512-8FYau96o3NKOhbjKi/qNvG/W5jhzxkbdm5sj9AbZ/5T5sWqn3hJgLfGx27sRKZWTvyzCP8dLRBTf5tBTSRVUNA=="],

    "undici-types": ["undici-types@8.3.0", "", {}, "sha512-j375ScV60dom+YkPFIfTLcOiPxkN/buHz5GobjLhixFuANaNs3C9l4GmrWqejgXWJ7BbJcFYpTEUkS1Ge8bpZQ=="],

    "very-happy-dom": ["very-happy-dom@0.1.10", "", {}, "sha512-MOo3hmxPPMVXW9yrqGtu43FOfMMQ7e6IgNSa10KkCShL0jmoIQi1ISFiyIIVJoCVE9UdVskO++hwJAKWWFoy5w=="],

    "w3c-xmlserializer": ["w3c-xmlserializer@5.0.0", "", { "dependencies": { "xml-name-validator": "^5.0.0" } }, "sha512-o8qghlI8NZHU1lLPrpi2+Uq7abh4GGPpYANlalzWxyWteJOCsr/P+oPBA49TOLu5FTZO4d3F9MnWJfiMo4BkmA=="],

    "webidl-conversions": ["webidl-conversions@7.0.0", "", {}, "sha512-VwddBukDzu71offAQR975unBIGqfKZpM+8ZX6ySk8nYhVoo5CYaZyzt3YBvYtRtO+aoGlqxPg/B87NGVZ/fu6g=="],

    "whatwg-encoding": ["whatwg-encoding@3.1.1", "", { "dependencies": { "iconv-lite": "0.6.3" } }, "sha512-6qN4hJdMwfYBtE3YBTTHhoeuUrDBPZmbQaxWAqSALV/MeEnR5z1xd8UKud2RAkFoPkmB+hli1TZSnyi84xz1vQ=="],

    "whatwg-mimetype": ["whatwg-mimetype@3.0.0", "", {}, "sha512-nt+N2dzIutVRxARx1nghPKGv1xHikU7HKdfafKkLNLindmPU/ch3U31NOCGGA/dmPcmb1VlofO0vnKAcsm0o/Q=="],

    "whatwg-url": ["whatwg-url@14.2.0", "", { "dependencies": { "tr46": "^5.1.0", "webidl-conversions": "^7.0.0" } }, "sha512-De72GdQZzNTUBBChsXueQUnPKDkg/5A5zp7pFDuQAj5UFoENpiACU0wlCvzpAGnTkj++ihpKwKyYewn/XNUbKw=="],

    "ws": ["ws@8.21.0", "", { "peerDependencies": { "bufferutil": "^4.0.1", "utf-8-validate": ">=5.0.2" }, "optionalPeers": ["bufferutil", "utf-8-validate"] }, "sha512-Vsp28b7DRcimFQvrqu2Wek3z1iYxDCWqHYB8Qsnk/S4RfaCQzPGPyBNuVjJV3cd6UiKtUtp6sNM77gWvzcCH+g=="],

    "xml-name-validator": ["xml-name-validator@5.0.0", "", {}, "sha512-EvGK8EJ3DhaHfbRlETOWAS5pO9MZITeauHKJyb8wyajUfQUenkIg2MvLDTZ4T/TgIcm3HU0TFBgWWboAZ30UHg=="],

    "xmlchars": ["xmlchars@2.2.0", "", {}, "sha512-JZnDKK8B0RCDw84FNdDAIpZK+JuJw+s7Lz8nksI7SIuU3UXJJslUthsi+uWBUYOwPFwW7W7PRLRfUKpxjtjFCw=="],

    "@cwcss/crosswind/@stacksjs/clapp": ["@stacksjs/clapp@0.2.10", "", {}, "sha512-l/2F0u5ihpae8R4kJ3Pdh6tV7aEpSxu6hCyafhw38Fl9+x2YKxZfUK+fF/G5AVwSzJar3dkKuMxbMcQ0PXKGRg=="],

    "@cwcss/crosswind/bunfig": ["bunfig@0.15.18", "", { "dependencies": { "@stacksjs/clarity": "^0.3.24" }, "bin": { "bunfig": "./dist/cli.js" } }, "sha512-MV58+uGCltEw9unjUh+RaiHwfn3tLc4nXQAbJJyhK4nJTzduwbkHiy7g9v3FDJp3ZGf5QEs3DkZxbzMJYbxu3g=="],

    "@stacksjs/bumpx/bunfig": ["bunfig@0.15.18", "", { "dependencies": { "@stacksjs/clarity": "^0.3.24" }, "bin": { "bunfig": "./dist/cli.js" } }, "sha512-MV58+uGCltEw9unjUh+RaiHwfn3tLc4nXQAbJJyhK4nJTzduwbkHiy7g9v3FDJp3ZGf5QEs3DkZxbzMJYbxu3g=="],

    "@stacksjs/bunpress/bunfig": ["bunfig@0.15.18", "", { "dependencies": { "@stacksjs/clarity": "^0.3.24" }, "bin": { "bunfig": "./dist/cli.js" } }, "sha512-MV58+uGCltEw9unjUh+RaiHwfn3tLc4nXQAbJJyhK4nJTzduwbkHiy7g9v3FDJp3ZGf5QEs3DkZxbzMJYbxu3g=="],

    "@stacksjs/clarity/bunfig": ["bunfig@0.15.18", "", { "dependencies": { "@stacksjs/clarity": "^0.3.24" }, "bin": { "bunfig": "./dist/cli.js" } }, "sha512-MV58+uGCltEw9unjUh+RaiHwfn3tLc4nXQAbJJyhK4nJTzduwbkHiy7g9v3FDJp3ZGf5QEs3DkZxbzMJYbxu3g=="],

    "@stacksjs/logsmith/bunfig": ["bunfig@0.15.18", "", { "dependencies": { "@stacksjs/clarity": "^0.3.24" }, "bin": { "bunfig": "./dist/cli.js" } }, "sha512-MV58+uGCltEw9unjUh+RaiHwfn3tLc4nXQAbJJyhK4nJTzduwbkHiy7g9v3FDJp3ZGf5QEs3DkZxbzMJYbxu3g=="],

    "@stacksjs/stx/@stacksjs/clapp": ["@stacksjs/clapp@0.2.10", "", {}, "sha512-l/2F0u5ihpae8R4kJ3Pdh6tV7aEpSxu6hCyafhw38Fl9+x2YKxZfUK+fF/G5AVwSzJar3dkKuMxbMcQ0PXKGRg=="],

    "@stacksjs/stx/bunfig": ["bunfig@0.15.18", "", { "dependencies": { "@stacksjs/clarity": "^0.3.24" }, "bin": { "bunfig": "./dist/cli.js" } }, "sha512-MV58+uGCltEw9unjUh+RaiHwfn3tLc4nXQAbJJyhK4nJTzduwbkHiy7g9v3FDJp3ZGf5QEs3DkZxbzMJYbxu3g=="],

    "@stacksjs/ts-css/bunfig": ["bunfig@0.15.14", "", { "dependencies": { "@stacksjs/clapp": "^0.2.0", "@stacksjs/clarity": "^0.3.24" }, "bin": { "bunfig": "./bin/cli.js" } }, "sha512-9yzw5/MkTBF3X8Dc96DJUPpZDl/jIAYVlY6XxGrP8+o5fEf8sGgoIc53GkSFucyMoqC5jF1qM++3bD1LL7/N1Q=="],

    "@stacksjs/ts-i18n/@stacksjs/clapp": ["@stacksjs/clapp@0.2.10", "", {}, "sha512-l/2F0u5ihpae8R4kJ3Pdh6tV7aEpSxu6hCyafhw38Fl9+x2YKxZfUK+fF/G5AVwSzJar3dkKuMxbMcQ0PXKGRg=="],

    "@stacksjs/ts-i18n/bunfig": ["bunfig@0.15.14", "", { "dependencies": { "@stacksjs/clapp": "^0.2.0", "@stacksjs/clarity": "^0.3.24" }, "bin": { "bunfig": "./bin/cli.js" } }, "sha512-9yzw5/MkTBF3X8Dc96DJUPpZDl/jIAYVlY6XxGrP8+o5fEf8sGgoIc53GkSFucyMoqC5jF1qM++3bD1LL7/N1Q=="],

    "better-dx/bunfig": ["bunfig@0.15.18", "", { "dependencies": { "@stacksjs/clarity": "^0.3.24" }, "bin": { "bunfig": "./dist/cli.js" } }, "sha512-MV58+uGCltEw9unjUh+RaiHwfn3tLc4nXQAbJJyhK4nJTzduwbkHiy7g9v3FDJp3ZGf5QEs3DkZxbzMJYbxu3g=="],

    "cssstyle/rrweb-cssom": ["rrweb-cssom@0.8.0", "", {}, "sha512-guoltQEx+9aMf2gDZ0s62EcV8lsXR+0w8915TC3ITdn2YueuNjdAYh/levpU9nFaoChh9RUS5ZdQMrKfVEN9tw=="],

    "data-urls/whatwg-mimetype": ["whatwg-mimetype@4.0.0", "", {}, "sha512-QaKxh0eNIi2mE9p2vEdzfagOKHCcj1pJ56EEHGQOVxp8r9/iszLUUV7v89x9O1p/T+NlTM5W7jW6+cz4Fq1YVg=="],

    "jsdom/whatwg-mimetype": ["whatwg-mimetype@4.0.0", "", {}, "sha512-QaKxh0eNIi2mE9p2vEdzfagOKHCcj1pJ56EEHGQOVxp8r9/iszLUUV7v89x9O1p/T+NlTM5W7jW6+cz4Fq1YVg=="],

    "parse5/entities": ["entities@6.0.1", "", {}, "sha512-aN97NXWF6AWBTahfVOIrB/NShkzi5H7F9r1s9mD3cDj4Ko5f2qhhVoYMibXF7GlLveb/D2ioWay8lxI97Ven3g=="],

    "@cwcss/crosswind/bunfig/@stacksjs/clarity": ["@stacksjs/clarity@0.3.28", "", { "dependencies": { "bunfig": "^0.15.6" }, "bin": { "clarity": "./dist/bin/cli.js" } }, "sha512-SElzGeDewEbp0c4C8PTfdvi/Xtr1HGAjG6b0prHvkVxyYGM+2R0BFU0otUmy+DbR7wsfZ4rNU3YN1+JK/CzoTw=="],

    "@stacksjs/bumpx/bunfig/@stacksjs/clarity": ["@stacksjs/clarity@0.3.28", "", { "dependencies": { "bunfig": "^0.15.6" }, "bin": { "clarity": "./dist/bin/cli.js" } }, "sha512-SElzGeDewEbp0c4C8PTfdvi/Xtr1HGAjG6b0prHvkVxyYGM+2R0BFU0otUmy+DbR7wsfZ4rNU3YN1+JK/CzoTw=="],

    "@stacksjs/bunpress/bunfig/@stacksjs/clarity": ["@stacksjs/clarity@0.3.28", "", { "dependencies": { "bunfig": "^0.15.6" }, "bin": { "clarity": "./dist/bin/cli.js" } }, "sha512-SElzGeDewEbp0c4C8PTfdvi/Xtr1HGAjG6b0prHvkVxyYGM+2R0BFU0otUmy+DbR7wsfZ4rNU3YN1+JK/CzoTw=="],

    "@stacksjs/clarity/bunfig/@stacksjs/clarity": ["@stacksjs/clarity@0.3.28", "", { "dependencies": { "bunfig": "^0.15.6" }, "bin": { "clarity": "./dist/bin/cli.js" } }, "sha512-SElzGeDewEbp0c4C8PTfdvi/Xtr1HGAjG6b0prHvkVxyYGM+2R0BFU0otUmy+DbR7wsfZ4rNU3YN1+JK/CzoTw=="],

    "@stacksjs/logsmith/bunfig/@stacksjs/clarity": ["@stacksjs/clarity@0.3.28", "", { "dependencies": { "bunfig": "^0.15.6" }, "bin": { "clarity": "./dist/bin/cli.js" } }, "sha512-SElzGeDewEbp0c4C8PTfdvi/Xtr1HGAjG6b0prHvkVxyYGM+2R0BFU0otUmy+DbR7wsfZ4rNU3YN1+JK/CzoTw=="],

    "@stacksjs/stx/bunfig/@stacksjs/clarity": ["@stacksjs/clarity@0.3.28", "", { "dependencies": { "bunfig": "^0.15.6" }, "bin": { "clarity": "./dist/bin/cli.js" } }, "sha512-SElzGeDewEbp0c4C8PTfdvi/Xtr1HGAjG6b0prHvkVxyYGM+2R0BFU0otUmy+DbR7wsfZ4rNU3YN1+JK/CzoTw=="],

    "@stacksjs/ts-css/bunfig/@stacksjs/clapp": ["@stacksjs/clapp@0.2.10", "", {}, "sha512-l/2F0u5ihpae8R4kJ3Pdh6tV7aEpSxu6hCyafhw38Fl9+x2YKxZfUK+fF/G5AVwSzJar3dkKuMxbMcQ0PXKGRg=="],

    "@stacksjs/ts-css/bunfig/@stacksjs/clarity": ["@stacksjs/clarity@0.3.28", "", { "dependencies": { "bunfig": "^0.15.6" }, "bin": { "clarity": "./dist/bin/cli.js" } }, "sha512-SElzGeDewEbp0c4C8PTfdvi/Xtr1HGAjG6b0prHvkVxyYGM+2R0BFU0otUmy+DbR7wsfZ4rNU3YN1+JK/CzoTw=="],

    "@stacksjs/ts-i18n/bunfig/@stacksjs/clarity": ["@stacksjs/clarity@0.3.28", "", { "dependencies": { "bunfig": "^0.15.6" }, "bin": { "clarity": "./dist/bin/cli.js" } }, "sha512-SElzGeDewEbp0c4C8PTfdvi/Xtr1HGAjG6b0prHvkVxyYGM+2R0BFU0otUmy+DbR7wsfZ4rNU3YN1+JK/CzoTw=="],

    "better-dx/bunfig/@stacksjs/clarity": ["@stacksjs/clarity@0.3.28", "", { "dependencies": { "bunfig": "^0.15.6" }, "bin": { "clarity": "./dist/bin/cli.js" } }, "sha512-SElzGeDewEbp0c4C8PTfdvi/Xtr1HGAjG6b0prHvkVxyYGM+2R0BFU0otUmy+DbR7wsfZ4rNU3YN1+JK/CzoTw=="],

    "@cwcss/crosswind/bunfig/@stacksjs/clarity/bunfig": ["bunfig@0.15.14", "", { "dependencies": { "@stacksjs/clapp": "^0.2.0", "@stacksjs/clarity": "^0.3.24" }, "bin": { "bunfig": "./bin/cli.js" } }, "sha512-9yzw5/MkTBF3X8Dc96DJUPpZDl/jIAYVlY6XxGrP8+o5fEf8sGgoIc53GkSFucyMoqC5jF1qM++3bD1LL7/N1Q=="],

    "@stacksjs/bumpx/bunfig/@stacksjs/clarity/bunfig": ["bunfig@0.15.14", "", { "dependencies": { "@stacksjs/clapp": "^0.2.0", "@stacksjs/clarity": "^0.3.24" }, "bin": { "bunfig": "./bin/cli.js" } }, "sha512-9yzw5/MkTBF3X8Dc96DJUPpZDl/jIAYVlY6XxGrP8+o5fEf8sGgoIc53GkSFucyMoqC5jF1qM++3bD1LL7/N1Q=="],

    "@stacksjs/bunpress/bunfig/@stacksjs/clarity/bunfig": ["bunfig@0.15.14", "", { "dependencies": { "@stacksjs/clapp": "^0.2.0", "@stacksjs/clarity": "^0.3.24" }, "bin": { "bunfig": "./bin/cli.js" } }, "sha512-9yzw5/MkTBF3X8Dc96DJUPpZDl/jIAYVlY6XxGrP8+o5fEf8sGgoIc53GkSFucyMoqC5jF1qM++3bD1LL7/N1Q=="],

    "@stacksjs/clarity/bunfig/@stacksjs/clarity/bunfig": ["bunfig@0.15.14", "", { "dependencies": { "@stacksjs/clapp": "^0.2.0", "@stacksjs/clarity": "^0.3.24" }, "bin": { "bunfig": "./bin/cli.js" } }, "sha512-9yzw5/MkTBF3X8Dc96DJUPpZDl/jIAYVlY6XxGrP8+o5fEf8sGgoIc53GkSFucyMoqC5jF1qM++3bD1LL7/N1Q=="],

    "@stacksjs/logsmith/bunfig/@stacksjs/clarity/bunfig": ["bunfig@0.15.14", "", { "dependencies": { "@stacksjs/clapp": "^0.2.0", "@stacksjs/clarity": "^0.3.24" }, "bin": { "bunfig": "./bin/cli.js" } }, "sha512-9yzw5/MkTBF3X8Dc96DJUPpZDl/jIAYVlY6XxGrP8+o5fEf8sGgoIc53GkSFucyMoqC5jF1qM++3bD1LL7/N1Q=="],

    "@stacksjs/stx/bunfig/@stacksjs/clarity/bunfig": ["bunfig@0.15.14", "", { "dependencies": { "@stacksjs/clapp": "^0.2.0", "@stacksjs/clarity": "^0.3.24" }, "bin": { "bunfig": "./bin/cli.js" } }, "sha512-9yzw5/MkTBF3X8Dc96DJUPpZDl/jIAYVlY6XxGrP8+o5fEf8sGgoIc53GkSFucyMoqC5jF1qM++3bD1LL7/N1Q=="],

    "better-dx/bunfig/@stacksjs/clarity/bunfig": ["bunfig@0.15.14", "", { "dependencies": { "@stacksjs/clapp": "^0.2.0", "@stacksjs/clarity": "^0.3.24" }, "bin": { "bunfig": "./bin/cli.js" } }, "sha512-9yzw5/MkTBF3X8Dc96DJUPpZDl/jIAYVlY6XxGrP8+o5fEf8sGgoIc53GkSFucyMoqC5jF1qM++3bD1LL7/N1Q=="],

    "@stacksjs/bumpx/bunfig/@stacksjs/clarity/bunfig/@stacksjs/clapp": ["@stacksjs/clapp@0.2.10", "", {}, "sha512-l/2F0u5ihpae8R4kJ3Pdh6tV7aEpSxu6hCyafhw38Fl9+x2YKxZfUK+fF/G5AVwSzJar3dkKuMxbMcQ0PXKGRg=="],

    "@stacksjs/bunpress/bunfig/@stacksjs/clarity/bunfig/@stacksjs/clapp": ["@stacksjs/clapp@0.2.10", "", {}, "sha512-l/2F0u5ihpae8R4kJ3Pdh6tV7aEpSxu6hCyafhw38Fl9+x2YKxZfUK+fF/G5AVwSzJar3dkKuMxbMcQ0PXKGRg=="],

    "@stacksjs/clarity/bunfig/@stacksjs/clarity/bunfig/@stacksjs/clapp": ["@stacksjs/clapp@0.2.10", "", {}, "sha512-l/2F0u5ihpae8R4kJ3Pdh6tV7aEpSxu6hCyafhw38Fl9+x2YKxZfUK+fF/G5AVwSzJar3dkKuMxbMcQ0PXKGRg=="],

    "@stacksjs/logsmith/bunfig/@stacksjs/clarity/bunfig/@stacksjs/clapp": ["@stacksjs/clapp@0.2.10", "", {}, "sha512-l/2F0u5ihpae8R4kJ3Pdh6tV7aEpSxu6hCyafhw38Fl9+x2YKxZfUK+fF/G5AVwSzJar3dkKuMxbMcQ0PXKGRg=="],

    "better-dx/bunfig/@stacksjs/clarity/bunfig/@stacksjs/clapp": ["@stacksjs/clapp@0.2.10", "", {}, "sha512-l/2F0u5ihpae8R4kJ3Pdh6tV7aEpSxu6hCyafhw38Fl9+x2YKxZfUK+fF/G5AVwSzJar3dkKuMxbMcQ0PXKGRg=="],
  }
}
